
Microsoft Visual Studio Solution File, Format Version 12.00
# Visual Studio Version 17
Project("{2150E333-8FDC-42A3-9474-1A3956D46DE8}") = "CMakePredefinedTargets", "CMakePredefinedTargets", "{1C2F74BB-81A1-337B-8F34-3B86C4EAF79A}"
EndProject
Project("{2150E333-8FDC-42A3-9474-1A3956D46DE8}") = "QtInternalTargets", "QtInternalTargets", "{EC87DAE4-27F4-3B94-8FB9-382CA42735D6}"
EndProject
Project("{8BC9CEB8-8B4A-11D0-8D11-00A0C91BC942}") = "ALL_BUILD", "ALL_BUILD.vcxproj", "{2753238A-A4FA-3278-8D23-D890ACDB62A9}"
	ProjectSection(ProjectDependencies) = postProject
		{34657340-B7E0-32A9-B564-46CCDB0E234A} = {34657340-B7E0-32A9-B564-46CCDB0E234A}
		{4AA689AB-18BF-39D7-8170-F32504CCF982} = {4AA689AB-18BF-39D7-8170-F32504CCF982}
		{6448EADF-D0F3-3060-B46A-108EF9A47641} = {6448EADF-D0F3-3060-B46A-108EF9A47641}
		{713F6BDD-F0CC-3DD6-AA07-8A5B51303C80} = {713F6BDD-F0CC-3DD6-AA07-8A5B51303C80}
		{80F96A5D-0FD5-34C2-8F53-9EF7BC1D5415} = {80F96A5D-0FD5-34C2-8F53-9EF7BC1D5415}
		{A1C7FF9D-FBF7-3590-B1AF-1A812ECEB339} = {A1C7FF9D-FBF7-3590-B1AF-1A812ECEB339}
		{56334DE3-D9EF-380A-8DBB-FCBCC1092651} = {56334DE3-D9EF-380A-8DBB-FCBCC1092651}
	EndProjectSection
EndProject
Project("{8BC9CEB8-8B4A-11D0-8D11-00A0C91BC942}") = "AgIsoTaskControllerServer", "AgIsoTaskControllerServer.vcxproj", "{34657340-B7E0-32A9-B564-46CCDB0E234A}"
	ProjectSection(ProjectDependencies) = postProject
		{7E17BE42-30D2-3978-BA45-8E710FDDFAD0} = {7E17BE42-30D2-3978-BA45-8E710FDDFAD0}
		{4AA689AB-18BF-39D7-8170-F32504CCF982} = {4AA689AB-18BF-39D7-8170-F32504CCF982}
		{6448EADF-D0F3-3060-B46A-108EF9A47641} = {6448EADF-D0F3-3060-B46A-108EF9A47641}
		{713F6BDD-F0CC-3DD6-AA07-8A5B51303C80} = {713F6BDD-F0CC-3DD6-AA07-8A5B51303C80}
		{80F96A5D-0FD5-34C2-8F53-9EF7BC1D5415} = {80F96A5D-0FD5-34C2-8F53-9EF7BC1D5415}
		{A1C7FF9D-FBF7-3590-B1AF-1A812ECEB339} = {A1C7FF9D-FBF7-3590-B1AF-1A812ECEB339}
	EndProjectSection
EndProject
Project("{8BC9CEB8-8B4A-11D0-8D11-00A0C91BC942}") = "AgIsoTaskControllerServer_qmlimportscan", "AgIsoTaskControllerServer_qmlimportscan.vcxproj", "{7E17BE42-30D2-3978-BA45-8E710FDDFAD0}"
	ProjectSection(ProjectDependencies) = postProject
		{80F96A5D-0FD5-34C2-8F53-9EF7BC1D5415} = {80F96A5D-0FD5-34C2-8F53-9EF7BC1D5415}
	EndProjectSection
EndProject
Project("{8BC9CEB8-8B4A-11D0-8D11-00A0C91BC942}") = "HardwareIntegration", "_deps\can_stack-build\hardware_integration\HardwareIntegration.vcxproj", "{4AA689AB-18BF-39D7-8170-F32504CCF982}"
	ProjectSection(ProjectDependencies) = postProject
		{6448EADF-D0F3-3060-B46A-108EF9A47641} = {6448EADF-D0F3-3060-B46A-108EF9A47641}
		{713F6BDD-F0CC-3DD6-AA07-8A5B51303C80} = {713F6BDD-F0CC-3DD6-AA07-8A5B51303C80}
		{80F96A5D-0FD5-34C2-8F53-9EF7BC1D5415} = {80F96A5D-0FD5-34C2-8F53-9EF7BC1D5415}
	EndProjectSection
EndProject
Project("{8BC9CEB8-8B4A-11D0-8D11-00A0C91BC942}") = "INSTALL", "INSTALL.vcxproj", "{090C8468-BBDC-34EE-BA5D-5F5D5F077F1B}"
	ProjectSection(ProjectDependencies) = postProject
		{2753238A-A4FA-3278-8D23-D890ACDB62A9} = {2753238A-A4FA-3278-8D23-D890ACDB62A9}
		{80F96A5D-0FD5-34C2-8F53-9EF7BC1D5415} = {80F96A5D-0FD5-34C2-8F53-9EF7BC1D5415}
	EndProjectSection
EndProject
Project("{8BC9CEB8-8B4A-11D0-8D11-00A0C91BC942}") = "Isobus", "_deps\can_stack-build\isobus\Isobus.vcxproj", "{6448EADF-D0F3-3060-B46A-108EF9A47641}"
	ProjectSection(ProjectDependencies) = postProject
		{713F6BDD-F0CC-3DD6-AA07-8A5B51303C80} = {713F6BDD-F0CC-3DD6-AA07-8A5B51303C80}
		{80F96A5D-0FD5-34C2-8F53-9EF7BC1D5415} = {80F96A5D-0FD5-34C2-8F53-9EF7BC1D5415}
	EndProjectSection
EndProject
Project("{8BC9CEB8-8B4A-11D0-8D11-00A0C91BC942}") = "PACKAGE", "PACKAGE.vcxproj", "{DEBAF5DF-7CA9-3674-A630-C0143F8B5DF3}"
	ProjectSection(ProjectDependencies) = postProject
		{2753238A-A4FA-3278-8D23-D890ACDB62A9} = {2753238A-A4FA-3278-8D23-D890ACDB62A9}
		{80F96A5D-0FD5-34C2-8F53-9EF7BC1D5415} = {80F96A5D-0FD5-34C2-8F53-9EF7BC1D5415}
	EndProjectSection
EndProject
Project("{8BC9CEB8-8B4A-11D0-8D11-00A0C91BC942}") = "RUN_TESTS", "RUN_TESTS.vcxproj", "{B2DDCE21-C6B4-3825-80F6-22A03580234E}"
	ProjectSection(ProjectDependencies) = postProject
		{80F96A5D-0FD5-34C2-8F53-9EF7BC1D5415} = {80F96A5D-0FD5-34C2-8F53-9EF7BC1D5415}
	EndProjectSection
EndProject
Project("{8BC9CEB8-8B4A-11D0-8D11-00A0C91BC942}") = "Utility", "_deps\can_stack-build\utility\Utility.vcxproj", "{713F6BDD-F0CC-3DD6-AA07-8A5B51303C80}"
	ProjectSection(ProjectDependencies) = postProject
		{80F96A5D-0FD5-34C2-8F53-9EF7BC1D5415} = {80F96A5D-0FD5-34C2-8F53-9EF7BC1D5415}
	EndProjectSection
EndProject
Project("{8BC9CEB8-8B4A-11D0-8D11-00A0C91BC942}") = "ZERO_CHECK", "ZERO_CHECK.vcxproj", "{80F96A5D-0FD5-34C2-8F53-9EF7BC1D5415}"
	ProjectSection(ProjectDependencies) = postProject
	EndProjectSection
EndProject
Project("{8BC9CEB8-8B4A-11D0-8D11-00A0C91BC942}") = "tcserver_core", "tcserver_core.vcxproj", "{A1C7FF9D-FBF7-3590-B1AF-1A812ECEB339}"
	ProjectSection(ProjectDependencies) = postProject
		{4AA689AB-18BF-39D7-8170-F32504CCF982} = {4AA689AB-18BF-39D7-8170-F32504CCF982}
		{6448EADF-D0F3-3060-B46A-108EF9A47641} = {6448EADF-D0F3-3060-B46A-108EF9A47641}
		{713F6BDD-F0CC-3DD6-AA07-8A5B51303C80} = {713F6BDD-F0CC-3DD6-AA07-8A5B51303C80}
		{80F96A5D-0FD5-34C2-8F53-9EF7BC1D5415} = {80F96A5D-0FD5-34C2-8F53-9EF7BC1D5415}
	EndProjectSection
EndProject
Project("{8BC9CEB8-8B4A-11D0-8D11-00A0C91BC942}") = "tcserver_core_tests", "tcserver_core_tests.vcxproj", "{56334DE3-D9EF-380A-8DBB-FCBCC1092651}"
	ProjectSection(ProjectDependencies) = postProject
		{4AA689AB-18BF-39D7-8170-F32504CCF982} = {4AA689AB-18BF-39D7-8170-F32504CCF982}
		{6448EADF-D0F3-3060-B46A-108EF9A47641} = {6448EADF-D0F3-3060-B46A-108EF9A47641}
		{713F6BDD-F0CC-3DD6-AA07-8A5B51303C80} = {713F6BDD-F0CC-3DD6-AA07-8A5B51303C80}
		{80F96A5D-0FD5-34C2-8F53-9EF7BC1D5415} = {80F96A5D-0FD5-34C2-8F53-9EF7BC1D5415}
		{A1C7FF9D-FBF7-3590-B1AF-1A812ECEB339} = {A1C7FF9D-FBF7-3590-B1AF-1A812ECEB339}
	EndProjectSection
EndProject
Global
	GlobalSection(SolutionConfigurationPlatforms) = preSolution
		Debug|x64 = Debug|x64
		Release|x64 = Release|x64
		MinSizeRel|x64 = MinSizeRel|x64
		RelWithDebInfo|x64 = RelWithDebInfo|x64
	EndGlobalSection
	GlobalSection(ProjectConfigurationPlatforms) = postSolution
		{2753238A-A4FA-3278-8D23-D890ACDB62A9}.Debug|x64.ActiveCfg = Debug|x64
		{2753238A-A4FA-3278-8D23-D890ACDB62A9}.Debug|x64.Build.0 = Debug|x64
		{2753238A-A4FA-3278-8D23-D890ACDB62A9}.Release|x64.ActiveCfg = Release|x64
		{2753238A-A4FA-3278-8D23-D890ACDB62A9}.Release|x64.Build.0 = Release|x64
		{2753238A-A4FA-3278-8D23-D890ACDB62A9}.MinSizeRel|x64.ActiveCfg = MinSizeRel|x64
		{2753238A-A4FA-3278-8D23-D890ACDB62A9}.MinSizeRel|x64.Build.0 = MinSizeRel|x64
		{2753238A-A4FA-3278-8D23-D890ACDB62A9}.RelWithDebInfo|x64.ActiveCfg = RelWithDebInfo|x64
		{2753238A-A4FA-3278-8D23-D890ACDB62A9}.RelWithDebInfo|x64.Build.0 = RelWithDebInfo|x64
		{34657340-B7E0-32A9-B564-46CCDB0E234A}.Debug|x64.ActiveCfg = Debug|x64
		{34657340-B7E0-32A9-B564-46CCDB0E234A}.Debug|x64.Build.0 = Debug|x64
		{34657340-B7E0-32A9-B564-46CCDB0E234A}.Release|x64.ActiveCfg = Release|x64
		{34657340-B7E0-32A9-B564-46CCDB0E234A}.Release|x64.Build.0 = Release|x64
		{34657340-B7E0-32A9-B564-46CCDB0E234A}.MinSizeRel|x64.ActiveCfg = MinSizeRel|x64
		{34657340-B7E0-32A9-B564-46CCDB0E234A}.MinSizeRel|x64.Build.0 = MinSizeRel|x64
		{34657340-B7E0-32A9-B564-46CCDB0E234A}.RelWithDebInfo|x64.ActiveCfg = RelWithDebInfo|x64
		{34657340-B7E0-32A9-B564-46CCDB0E234A}.RelWithDebInfo|x64.Build.0 = RelWithDebInfo|x64
		{7E17BE42-30D2-3978-BA45-8E710FDDFAD0}.Debug|x64.ActiveCfg = Debug|x64
		{7E17BE42-30D2-3978-BA45-8E710FDDFAD0}.Debug|x64.Build.0 = Debug|x64
		{7E17BE42-30D2-3978-BA45-8E710FDDFAD0}.Release|x64.ActiveCfg = Release|x64
		{7E17BE42-30D2-3978-BA45-8E710FDDFAD0}.Release|x64.Build.0 = Release|x64
		{7E17BE42-30D2-3978-BA45-8E710FDDFAD0}.MinSizeRel|x64.ActiveCfg = MinSizeRel|x64
		{7E17BE42-30D2-3978-BA45-8E710FDDFAD0}.MinSizeRel|x64.Build.0 = MinSizeRel|x64
		{7E17BE42-30D2-3978-BA45-8E710FDDFAD0}.RelWithDebInfo|x64.ActiveCfg = RelWithDebInfo|x64
		{7E17BE42-30D2-3978-BA45-8E710FDDFAD0}.RelWithDebInfo|x64.Build.0 = RelWithDebInfo|x64
		{4AA689AB-18BF-39D7-8170-F32504CCF982}.Debug|x64.ActiveCfg = Debug|x64
		{4AA689AB-18BF-39D7-8170-F32504CCF982}.Debug|x64.Build.0 = Debug|x64
		{4AA689AB-18BF-39D7-8170-F32504CCF982}.Release|x64.ActiveCfg = Release|x64
		{4AA689AB-18BF-39D7-8170-F32504CCF982}.Release|x64.Build.0 = Release|x64
		{4AA689AB-18BF-39D7-8170-F32504CCF982}.MinSizeRel|x64.ActiveCfg = MinSizeRel|x64
		{4AA689AB-18BF-39D7-8170-F32504CCF982}.MinSizeRel|x64.Build.0 = MinSizeRel|x64
		{4AA689AB-18BF-39D7-8170-F32504CCF982}.RelWithDebInfo|x64.ActiveCfg = RelWithDebInfo|x64
		{4AA689AB-18BF-39D7-8170-F32504CCF982}.RelWithDebInfo|x64.Build.0 = RelWithDebInfo|x64
		{090C8468-BBDC-34EE-BA5D-5F5D5F077F1B}.Debug|x64.ActiveCfg = Debug|x64
		{090C8468-BBDC-34EE-BA5D-5F5D5F077F1B}.Release|x64.ActiveCfg = Release|x64
		{090C8468-BBDC-34EE-BA5D-5F5D5F077F1B}.MinSizeRel|x64.ActiveCfg = MinSizeRel|x64
		{090C8468-BBDC-34EE-BA5D-5F5D5F077F1B}.RelWithDebInfo|x64.ActiveCfg = RelWithDebInfo|x64
		{6448EADF-D0F3-3060-B46A-108EF9A47641}.Debug|x64.ActiveCfg = Debug|x64
		{6448EADF-D0F3-3060-B46A-108EF9A47641}.Debug|x64.Build.0 = Debug|x64
		{6448EADF-D0F3-3060-B46A-108EF9A47641}.Release|x64.ActiveCfg = Release|x64
		{6448EADF-D0F3-3060-B46A-108EF9A47641}.Release|x64.Build.0 = Release|x64
		{6448EADF-D0F3-3060-B46A-108EF9A47641}.MinSizeRel|x64.ActiveCfg = MinSizeRel|x64
		{6448EADF-D0F3-3060-B46A-108EF9A47641}.MinSizeRel|x64.Build.0 = MinSizeRel|x64
		{6448EADF-D0F3-3060-B46A-108EF9A47641}.RelWithDebInfo|x64.ActiveCfg = RelWithDebInfo|x64
		{6448EADF-D0F3-3060-B46A-108EF9A47641}.RelWithDebInfo|x64.Build.0 = RelWithDebInfo|x64
		{DEBAF5DF-7CA9-3674-A630-C0143F8B5DF3}.Debug|x64.ActiveCfg = Debug|x64
		{DEBAF5DF-7CA9-3674-A630-C0143F8B5DF3}.Release|x64.ActiveCfg = Release|x64
		{DEBAF5DF-7CA9-3674-A630-C0143F8B5DF3}.MinSizeRel|x64.ActiveCfg = MinSizeRel|x64
		{DEBAF5DF-7CA9-3674-A630-C0143F8B5DF3}.RelWithDebInfo|x64.ActiveCfg = RelWithDebInfo|x64
		{B2DDCE21-C6B4-3825-80F6-22A03580234E}.Debug|x64.ActiveCfg = Debug|x64
		{B2DDCE21-C6B4-3825-80F6-22A03580234E}.Release|x64.ActiveCfg = Release|x64
		{B2DDCE21-C6B4-3825-80F6-22A03580234E}.MinSizeRel|x64.ActiveCfg = MinSizeRel|x64
		{B2DDCE21-C6B4-3825-80F6-22A03580234E}.RelWithDebInfo|x64.ActiveCfg = RelWithDebInfo|x64
		{713F6BDD-F0CC-3DD6-AA07-8A5B51303C80}.Debug|x64.ActiveCfg = Debug|x64
		{713F6BDD-F0CC-3DD6-AA07-8A5B51303C80}.Debug|x64.Build.0 = Debug|x64
		{713F6BDD-F0CC-3DD6-AA07-8A5B51303C80}.Release|x64.ActiveCfg = Release|x64
		{713F6BDD-F0CC-3DD6-AA07-8A5B51303C80}.Release|x64.Build.0 = Release|x64
		{713F6BDD-F0CC-3DD6-AA07-8A5B51303C80}.MinSizeRel|x64.ActiveCfg = MinSizeRel|x64
		{713F6BDD-F0CC-3DD6-AA07-8A5B51303C80}.MinSizeRel|x64.Build.0 = MinSizeRel|x64
		{713F6BDD-F0CC-3DD6-AA07-8A5B51303C80}.RelWithDebInfo|x64.ActiveCfg = RelWithDebInfo|x64
		{713F6BDD-F0CC-3DD6-AA07-8A5B51303C80}.RelWithDebInfo|x64.Build.0 = RelWithDebInfo|x64
		{80F96A5D-0FD5-34C2-8F53-9EF7BC1D5415}.Debug|x64.ActiveCfg = Debug|x64
		{80F96A5D-0FD5-34C2-8F53-9EF7BC1D5415}.Debug|x64.Build.0 = Debug|x64
		{80F96A5D-0FD5-34C2-8F53-9EF7BC1D5415}.Release|x64.ActiveCfg = Release|x64
		{80F96A5D-0FD5-34C2-8F53-9EF7BC1D5415}.Release|x64.Build.0 = Release|x64
		{80F96A5D-0FD5-34C2-8F53-9EF7BC1D5415}.MinSizeRel|x64.ActiveCfg = MinSizeRel|x64
		{80F96A5D-0FD5-34C2-8F53-9EF7BC1D5415}.MinSizeRel|x64.Build.0 = MinSizeRel|x64
		{80F96A5D-0FD5-34C2-8F53-9EF7BC1D5415}.RelWithDebInfo|x64.ActiveCfg = RelWithDebInfo|x64
		{80F96A5D-0FD5-34C2-8F53-9EF7BC1D5415}.RelWithDebInfo|x64.Build.0 = RelWithDebInfo|x64
		{A1C7FF9D-FBF7-3590-B1AF-1A812ECEB339}.Debug|x64.ActiveCfg = Debug|x64
		{A1C7FF9D-FBF7-3590-B1AF-1A812ECEB339}.Debug|x64.Build.0 = Debug|x64
		{A1C7FF9D-FBF7-3590-B1AF-1A812ECEB339}.Release|x64.ActiveCfg = Release|x64
		{A1C7FF9D-FBF7-3590-B1AF-1A812ECEB339}.Release|x64.Build.0 = Release|x64
		{A1C7FF9D-FBF7-3590-B1AF-1A812ECEB339}.MinSizeRel|x64.ActiveCfg = MinSizeRel|x64
		{A1C7FF9D-FBF7-3590-B1AF-1A812ECEB339}.MinSizeRel|x64.Build.0 = MinSizeRel|x64
		{A1C7FF9D-FBF7-3590-B1AF-1A812ECEB339}.RelWithDebInfo|x64.ActiveCfg = RelWithDebInfo|x64
		{A1C7FF9D-FBF7-3590-B1AF-1A812ECEB339}.RelWithDebInfo|x64.Build.0 = RelWithDebInfo|x64
		{56334DE3-D9EF-380A-8DBB-FCBCC1092651}.Debug|x64.ActiveCfg = Debug|x64
		{56334DE3-D9EF-380A-8DBB-FCBCC1092651}.Debug|x64.Build.0 = Debug|x64
		{56334DE3-D9EF-380A-8DBB-FCBCC1092651}.Release|x64.ActiveCfg = Release|x64
		{56334DE3-D9EF-380A-8DBB-FCBCC1092651}.Release|x64.Build.0 = Release|x64
		{56334DE3-D9EF-380A-8DBB-FCBCC1092651}.MinSizeRel|x64.ActiveCfg = MinSizeRel|x64
		{56334DE3-D9EF-380A-8DBB-FCBCC1092651}.MinSizeRel|x64.Build.0 = MinSizeRel|x64
		{56334DE3-D9EF-380A-8DBB-FCBCC1092651}.RelWithDebInfo|x64.ActiveCfg = RelWithDebInfo|x64
		{56334DE3-D9EF-380A-8DBB-FCBCC1092651}.RelWithDebInfo|x64.Build.0 = RelWithDebInfo|x64
	EndGlobalSection
	GlobalSection(NestedProjects) = preSolution
		{2753238A-A4FA-3278-8D23-D890ACDB62A9} = {1C2F74BB-81A1-337B-8F34-3B86C4EAF79A}
		{090C8468-BBDC-34EE-BA5D-5F5D5F077F1B} = {1C2F74BB-81A1-337B-8F34-3B86C4EAF79A}
		{DEBAF5DF-7CA9-3674-A630-C0143F8B5DF3} = {1C2F74BB-81A1-337B-8F34-3B86C4EAF79A}
		{B2DDCE21-C6B4-3825-80F6-22A03580234E} = {1C2F74BB-81A1-337B-8F34-3B86C4EAF79A}
		{80F96A5D-0FD5-34C2-8F53-9EF7BC1D5415} = {1C2F74BB-81A1-337B-8F34-3B86C4EAF79A}
		{7E17BE42-30D2-3978-BA45-8E710FDDFAD0} = {EC87DAE4-27F4-3B94-8FB9-382CA42735D6}
	EndGlobalSection
	GlobalSection(ExtensibilityGlobals) = postSolution
		SolutionGuid = {37345019-0BDB-3719-874E-A5CAF4B0D615}
	EndGlobalSection
	GlobalSection(ExtensibilityAddIns) = postSolution
	EndGlobalSection
EndGlobal
