<?xml version="1.0" encoding="utf-8"?>
<Project ToolsVersion="17.0" xmlns="http://schemas.microsoft.com/developer/msbuild/2003">
  <ItemGroup>
    <ClCompile Include="C:\Users\gr_efr\Documents\prv_sw_dev\AgIsoTaskControllerServer\build_verify\AgIsoTaskControllerServer_autogen\mocs_compilation_Debug.cpp">
      <Filter>Source Files</Filter>
    </ClCompile>
    <ClCompile Include="C:\Users\gr_efr\Documents\prv_sw_dev\AgIsoTaskControllerServer\src\gui\main.cpp">
      <Filter>Source Files</Filter>
    </ClCompile>
    <ClCompile Include="C:\Users\gr_efr\Documents\prv_sw_dev\AgIsoTaskControllerServer\src\gui\TcBridge.cpp">
      <Filter>Source Files</Filter>
    </ClCompile>
    <ClCompile Include="C:\Users\gr_efr\Documents\prv_sw_dev\AgIsoTaskControllerServer\src\gui\TcModels.cpp">
      <Filter>Source Files</Filter>
    </ClCompile>
    <ClCompile Include="C:\Users\gr_efr\Documents\prv_sw_dev\AgIsoTaskControllerServer\build_verify\AgIsoTaskControllerServer_autogen\EWIEGA46WW\qrc_resources.cpp">
      <Filter>Source Files</Filter>
    </ClCompile>
    <ClCompile Include="C:\Users\gr_efr\Documents\prv_sw_dev\AgIsoTaskControllerServer\build_verify\AgIsoTaskControllerServer_autogen\mocs_compilation_Release.cpp">
      <Filter>Source Files</Filter>
    </ClCompile>
    <ClCompile Include="C:\Users\gr_efr\Documents\prv_sw_dev\AgIsoTaskControllerServer\build_verify\AgIsoTaskControllerServer_autogen\mocs_compilation_MinSizeRel.cpp">
      <Filter>Source Files</Filter>
    </ClCompile>
    <ClCompile Include="C:\Users\gr_efr\Documents\prv_sw_dev\AgIsoTaskControllerServer\build_verify\AgIsoTaskControllerServer_autogen\mocs_compilation_RelWithDebInfo.cpp">
      <Filter>Source Files</Filter>
    </ClCompile>
  </ItemGroup>
  <ItemGroup>
    <CustomBuild Include="C:\Users\gr_efr\Documents\prv_sw_dev\AgIsoTaskControllerServer\build_verify\CMakeFiles\039a9ab9f8227b324d438f0dfe60584a\timestamp.rule">
      <Filter>CMake Rules</Filter>
    </CustomBuild>
    <CustomBuild Include="C:\Users\gr_efr\Documents\prv_sw_dev\AgIsoTaskControllerServer\build_verify\CMakeFiles\105bec42e73f22dbc8d5f6d1116d0b6f\qrc_resources.cpp.rule">
      <Filter>CMake Rules</Filter>
    </CustomBuild>
    <CustomBuild Include="C:\Users\gr_efr\Documents\prv_sw_dev\AgIsoTaskControllerServer\CMakeLists.txt" />
  </ItemGroup>
  <ItemGroup>
    <None Include="C:\Users\gr_efr\Documents\prv_sw_dev\AgIsoTaskControllerServer\resources.qrc" />
    <None Include="C:\Users\gr_efr\Documents\prv_sw_dev\AgIsoTaskControllerServer\build_verify\AgIsoTaskControllerServer_autogen\timestamp" />
  </ItemGroup>
  <ItemGroup>
    <ResourceCompile Include="C:\Users\gr_efr\Documents\prv_sw_dev\AgIsoTaskControllerServer\src\gui\app.rc">
      <Filter>Source Files</Filter>
    </ResourceCompile>
  </ItemGroup>
  <ItemGroup>
    <Filter Include="CMake Rules">
      <UniqueIdentifier>{9F22F56A-8B0C-3014-976A-FF24EFCA5B7E}</UniqueIdentifier>
    </Filter>
    <Filter Include="Source Files">
      <UniqueIdentifier>{35E717EC-C50A-3F41-A185-D4838D056743}</UniqueIdentifier>
    </Filter>
  </ItemGroup>
</Project>
